// !$*UTF8*$!
{
	archiveVersion = 1;
	classes = {
	};
	objectVersion = 46;
	objects = {

/* Begin PBXBuildFile section */
		AE2F57831B9DDEEA0083660A /* main.m in Sources */ = {isa = PBXBuildFile; fileRef = AE2F57821B9DDEEA0083660A /* main.m */; };
		AE2F57861B9DDEEA0083660A /* AppDelegate.m in Sources */ = {isa = PBXBuildFile; fileRef = AE2F57851B9DDEEA0083660A /* AppDelegate.m */; };
		AE2F57891B9DDEEA0083660A /* ViewController.m in Sources */ = {isa = PBXBuildFile; fileRef = AE2F57881B9DDEEA0083660A /* ViewController.m */; };
		AE2F578C1B9DDEEA0083660A /* Main.storyboard in Resources */ = {isa = PBXBuildFile; fileRef = AE2F578A1B9DDEEA0083660A /* Main.storyboard */; };
		AE2F578E1B9DDEEA0083660A /* Images.xcassets in Resources */ = {isa = PBXBuildFile; fileRef = AE2F578D1B9DDEEA0083660A /* Images.xcassets */; };
		AE2F57911B9DDEEA0083660A /* LaunchScreen.xib in Resources */ = {isa = PBXBuildFile; fileRef = AE2F578F1B9DDEEA0083660A /* LaunchScreen.xib */; };
		AE2F579D1B9DDEEA0083660A /* RPN_CalculatorTests.m in Sources */ = {isa = PBXBuildFile; fileRef = AE2F579C1B9DDEEA0083660A /* RPN_CalculatorTests.m */; };
		AEAAF0B31BA18F3100EB3F70 /* button.png in Resources */ = {isa = PBXBuildFile; fileRef = AEAAF0B21BA18F3100EB3F70 /* button.png */; };
/* End PBXBuildFile section */

/* Begin PBXContainerItemProxy section */
		AE2F57971B9DDEEA0083660A /* PBXContainerItemProxy */ = {
			isa = PBXContainerItemProxy;
			containerPortal = AE2F57751B9DDEEA0083660A /* Project object */;
			proxyType = 1;
			remoteGlobalIDString = AE2F577C1B9DDEEA0083660A;
			remoteInfo = RPN_Calculator;
		};
/* End PBXContainerItemProxy section */

/* Begin PBXFileReference section */
		AE2F577D1B9DDEEA0083660A /* RPN_Calculator.app */ = {isa = PBXFileReference; explicitFileType = wrapper.application; includeInIndex = 0; path = RPN_Calculator.app; sourceTree = BUILT_PRODUCTS_DIR; };
		AE2F57811B9DDEEA0083660A /* Info.plist */ = {isa = PBXFileReference; lastKnownFileType = text.plist.xml; path = Info.plist; sourceTree = "<group>"; };
		AE2F57821B9DDEEA0083660A /* main.m */ = {isa = PBXFileReference; lastKnownFileType = sourcecode.c.objc; path = main.m; sourceTree = "<group>"; };
		AE2F57841B9DDEEA0083660A /* AppDelegate.h */ = {isa = PBXFileReference; lastKnownFileType = sourcecode.c.h; path = AppDelegate.h; sourceTree = "<group>"; };
		AE2F57851B9DDEEA0083660A /* AppDelegate.m */ = {isa = PBXFileReference; lastKnownFileType = sourcecode.c.objc; path = AppDelegate.m; sourceTree = "<group>"; };
		AE2F57871B9DDEEA0083660A /* ViewController.h */ = {isa = PBXFileReference; lastKnownFileType = sourcecode.c.h; path = ViewController.h; sourceTree = "<group>"; };
		AE2F57881B9DDEEA0083660A /* ViewController.m */ = {isa = PBXFileReference; lastKnownFileType = sourcecode.c.objc; path = ViewController.m; sourceTree = "<group>"; };
		AE2F578B1B9DDEEA0083660A /* Base */ = {isa = PBXFileReference; lastKnownFileType = file.storyboard; name = Base; path = Base.lproj/Main.storyboard; sourceTree = "<group>"; };
		AE2F578D1B9DDEEA0083660A /* Images.xcassets */ = {isa = PBXFileReference; lastKnownFileType = folder.assetcatalog; path = Images.xcassets; sourceTree = "<group>"; };
		AE2F57901B9DDEEA0083660A /* Base */ = {isa = PBXFileReference; lastKnownFileType = file.xib; name = Base; path = Base.lproj/LaunchScreen.xib; sourceTree = "<group>"; };
		AE2F57961B9DDEEA0083660A /* RPN_CalculatorTests.xctest */ = {isa = PBXFileReference; explicitFileType = wrapper.cfbundle; includeInIndex = 0; path = RPN_CalculatorTests.xctest; sourceTree = BUILT_PRODUCTS_DIR; };
		AE2F579B1B9DDEEA0083660A /* Info.plist */ = {isa = PBXFileReference; lastKnownFileType = text.plist.xml; path = Info.plist; sourceTree = "<group>"; };
		AE2F579C1B9DDEEA0083660A /* RPN_CalculatorTests.m */ = {isa = PBXFileReference; lastKnownFileType = sourcecode.c.objc; path = RPN_CalculatorTests.m; sourceTree = "<group>"; };
		AEAAF0B21BA18F3100EB3F70 /* button.png */ = {isa = PBXFileReference; lastKnownFileType = image.png; path = button.png; sourceTree = "<group>"; };
/* End PBXFileReference section */

/* Begin PBXFrameworksBuildPhase section */
		AE2F577A1B9DDEEA0083660A /* Frameworks */ = {
			isa = PBXFrameworksBuildPhase;
			buildActionMask = 2147483647;
			files = (
			);
			runOnlyForDeploymentPostprocessing = 0;
		};
		AE2F57931B9DDEEA0083660A /* Frameworks */ = {
			isa = PBXFrameworksBuildPhase;
			buildActionMask = 2147483647;
			files = (
			);
			runOnlyForDeploymentPostprocessing = 0;
		};
/* End PBXFrameworksBuildPhase section */

/* Begin PBXGroup section */
		AE2F57741B9DDEEA0083660A = {
			isa = PBXGroup;
			children = (
				AE2F577F1B9DDEEA0083660A /* RPN_Calculator */,
				AE2F57991B9DDEEA0083660A /* RPN_CalculatorTests */,
				AE2F577E1B9DDEEA0083660A /* Products */,
			);
			sourceTree = "<group>";
		};
		AE2F577E1B9DDEEA0083660A /* Products */ = {
			isa = PBXGroup;
			children = (
				AE2F577D1B9DDEEA0083660A /* RPN_Calculator.app */,
				AE2F57961B9DDEEA0083660A /* RPN_CalculatorTests.xctest */,
			);
			name = Products;
			sourceTree = "<group>";
		};
		AE2F577F1B9DDEEA0083660A /* RPN_Calculator */ = {
			isa = PBXGroup;
			children = (
				AE2F57841B9DDEEA0083660A /* AppDelegate.h */,
				AE2F57851B9DDEEA0083660A /* AppDelegate.m */,
				AE2F57871B9DDEEA0083660A /* ViewController.h */,
				AE2F57881B9DDEEA0083660A /* ViewController.m */,
				AE2F578A1B9DDEEA0083660A /* Main.storyboard */,
				AEAAF0B21BA18F3100EB3F70 /* button.png */,
				AE2F578D1B9DDEEA0083660A /* Images.xcassets */,
				AE2F578F1B9DDEEA0083660A /* LaunchScreen.xib */,
				AE2F57801B9DDEEA0083660A /* Supporting Files */,
			);
			path = RPN_Calculator;
			sourceTree = "<group>";
		};
		AE2F57801B9DDEEA0083660A /* Supporting Files */ = {
			isa = PBXGroup;
			children = (
				AE2F57811B9DDEEA0083660A /* Info.plist */,
				AE2F57821B9DDEEA0083660A /* main.m */,
			);
			name = "Supporting Files";
			sourceTree = "<group>";
		};
		AE2F57991B9DDEEA0083660A /* RPN_CalculatorTests */ = {
			isa = PBXGroup;
			children = (
				AE2F579C1B9DDEEA0083660A /* RPN_CalculatorTests.m */,
				AE2F579A1B9DDEEA0083660A /* Supporting Files */,
			);
			path = RPN_CalculatorTests;
			sourceTree = "<group>";
		};
		AE2F579A1B9DDEEA0083660A /* Supporting Files */ = {
			isa = PBXGroup;
			children = (
				AE2F579B1B9DDEEA0083660A /* Info.plist */,
			);
			name = "Supporting Files";
			sourceTree = "<group>";
		};
/* End PBXGroup section */

/* Begin PBXNativeTarget section */
		AE2F577C1B9DDEEA0083660A /* RPN_Calculator */ = {
			isa = PBXNativeTarget;
			buildConfigurationList = AE2F57A01B9DDEEA0083660A /* Build configuration list for PBXNativeTarget "RPN_Calculator" */;
			buildPhases = (
				AE2F57791B9DDEEA0083660A /* Sources */,
				AE2F577A1B9DDEEA0083660A /* Frameworks */,
				AE2F577B1B9DDEEA0083660A /* Resources */,
			);
			buildRules = (
			);
			dependencies = (
			);
			name = RPN_Calculator;
			productName = RPN_Calculator;
			productReference = AE2F577D1B9DDEEA0083660A /* RPN_Calculator.app */;
			productType = "com.apple.product-type.application";
		};
		AE2F57951B9DDEEA0083660A /* RPN_CalculatorTests */ = {
			isa = PBXNativeTarget;
			buildConfigurationList = AE2F57A31B9DDEEA0083660A /* Build configuration list for PBXNativeTarget "RPN_CalculatorTests" */;
			buildPhases = (
				AE2F57921B9DDEEA0083660A /* Sources */,
				AE2F57931B9DDEEA0083660A /* Frameworks */,
				AE2F57941B9DDEEA0083660A /* Resources */,
			);
			buildRules = (
			);
			dependencies = (
				AE2F57981B9DDEEA0083660A /* PBXTargetDependency */,
			);
			name = RPN_CalculatorTests;
			productName = RPN_CalculatorTests;
			productReference = AE2F57961B9DDEEA0083660A /* RPN_CalculatorTests.xctest */;
			productType = "com.apple.product-type.bundle.unit-test";
		};
/* End PBXNativeTarget section */

/* Begin PBXProject section */
		AE2F57751B9DDEEA0083660A /* Project object */ = {
			isa = PBXProject;
			attributes = {
				LastUpgradeCheck = 0640;
				ORGANIZATIONNAME = "Veaceslav Macarov";
				TargetAttributes = {
					AE2F577C1B9DDEEA0083660A = {
						CreatedOnToolsVersion = 6.4;
					};
					AE2F57951B9DDEEA0083660A = {
						CreatedOnToolsVersion = 6.4;
						TestTargetID = AE2F577C1B9DDEEA0083660A;
					};
				};
			};
			buildConfigurationList = AE2F57781B9DDEEA0083660A /* Build configuration list for PBXProject "RPN_Calculator" */;
			compatibilityVersion = "Xcode 3.2";
			developmentRegion = English;
			hasScannedForEncodings = 0;
			knownRegions = (
				en,
				Base,
			);
			mainGroup = AE2F57741B9DDEEA0083660A;
			productRefGroup = AE2F577E1B9DDEEA0083660A /* Products */;
			projectDirPath = "";
			projectRoot = "";
			targets = (
				AE2F577C1B9DDEEA0083660A /* RPN_Calculator */,
				AE2F57951B9DDEEA0083660A /* RPN_CalculatorTests */,
			);
		};
/* End PBXProject section */

/* Begin PBXResourcesBuildPhase section */
		AE2F577B1B9DDEEA0083660A /* Resources */ = {
			isa = PBXResourcesBuildPhase;
			buildActionMask = 2147483647;
			files = (
				AE2F578C1B9DDEEA0083660A /* Main.storyboard in Resources */,
				AEAAF0B31BA18F3100EB3F70 /* button.png in Resources */,
				AE2F57911B9DDEEA0083660A /* LaunchScreen.xib in Resources */,
				AE2F578E1B9DDEEA0083660A /* Images.xcassets in Resources */,
			);
			runOnlyForDeploymentPostprocessing = 0;
		};
		AE2F57941B9DDEEA0083660A /* Resources */ = {
			isa = PBXResourcesBuildPhase;
			buildActionMask = 2147483647;
			files = (
			);
			runOnlyForDeploymentPostprocessing = 0;
		};
/* End PBXResourcesBuildPhase section */

/* Begin PBXSourcesBuildPhase section */
		AE2F57791B9DDEEA0083660A /* Sources */ = {
			isa = PBXSourcesBuildPhase;
			buildActionMask = 2147483647;
			files = (
				AE2F57891B9DDEEA0083660A /* ViewController.m in Sources */,
				AE2F57861B9DDEEA0083660A /* AppDelegate.m in Sources */,
				AE2F57831B9DDEEA0083660A /* main.m in Sources */,
			);
			runOnlyForDeploymentPostprocessing = 0;
		};
		AE2F57921B9DDEEA0083660A /* Sources */ = {
			isa = PBXSourcesBuildPhase;
			buildActionMask = 2147483647;
			files = (
				AE2F579D1B9DDEEA0083660A /* RPN_CalculatorTests.m in Sources */,
			);
			runOnlyForDeploymentPostprocessing = 0;
		};
/* End PBXSourcesBuildPhase section */

/* Begin PBXTargetDependency section */
		AE2F57981B9DDEEA0083660A /* PBXTargetDependency */ = {
			isa = PBXTargetDependency;
			target = AE2F577C1B9DDEEA0083660A /* RPN_Calculator */;
			targetProxy = AE2F57971B9DDEEA0083660A /* PBXContainerItemProxy */;
		};
/* End PBXTargetDependency section */

/* Begin PBXVariantGroup section */
		AE2F578A1B9DDEEA0083660A /* Main.storyboard */ = {
			isa = PBXVariantGroup;
			children = (
				AE2F578B1B9DDEEA0083660A /* Base */,
			);
			name = Main.storyboard;
			sourceTree = "<group>";
		};
		AE2F578F1B9DDEEA0083660A /* LaunchScreen.xib */ = {
			isa = PBXVariantGroup;
			children = (
				AE2F57901B9DDEEA0083660A /* Base */,
			);
			name = LaunchScreen.xib;
			sourceTree = "<group>";
		};
/* End PBXVariantGroup section */

/* Begin XCBuildConfiguration section */
		AE2F579E1B9DDEEA0083660A /* Debug */ = {
			isa = XCBuildConfiguration;
			buildSettings = {
				ALWAYS_SEARCH_USER_PATHS = NO;
				CLANG_CXX_LANGUAGE_STANDARD = "gnu++0x";
				CLANG_CXX_LIBRARY = "libc++";
				CLANG_ENABLE_MODULES = YES;
				CLANG_ENABLE_OBJC_ARC = YES;
				CLANG_WARN_BOOL_CONVERSION = YES;
				CLANG_WARN_CONSTANT_CONVERSION = YES;
				CLANG_WARN_DIRECT_OBJC_ISA_USAGE = YES_ERROR;
				CLANG_WARN_EMPTY_BODY = YES;
				CLANG_WARN_ENUM_CONVERSION = YES;
				CLANG_WARN_INT_CONVERSION = YES;
				CLANG_WARN_OBJC_ROOT_CLASS = YES_ERROR;
				CLANG_WARN_UNREACHABLE_CODE = YES;
				CLANG_WARN__DUPLICATE_METHOD_MATCH = YES;
				"CODE_SIGN_IDENTITY[sdk=iphoneos*]" = "iPhone Developer";
				COPY_PHASE_STRIP = NO;
				DEBUG_INFORMATION_FORMAT = "dwarf-with-dsym";
				ENABLE_STRICT_OBJC_MSGSEND = YES;
				GCC_C_LANGUAGE_STANDARD = gnu99;
				GCC_DYNAMIC_NO_PIC = NO;
				GCC_NO_COMMON_BLOCKS = YES;
				GCC_OPTIMIZATION_LEVEL = 0;
				GCC_PREPROCESSOR_DEFINITIONS = (
					"DEBUG=1",
					"$(inherited)",
				);
				GCC_SYMBOLS_PRIVATE_EXTERN = NO;
				GCC_WARN_64_TO_32_BIT_CONVERSION = YES;
				GCC_WARN_ABOUT_RETURN_TYPE = YES_ERROR;
				GCC_WARN_UNDECLARED_SELECTOR = YES;
				GCC_WARN_UNINITIALIZED_AUTOS = YES_AGGRESSIVE;
				GCC_WARN_UNUSED_FUNCTION = YES;
				GCC_WARN_UNUSED_VARIABLE = YES;
				IPHONEOS_DEPLOYMENT_TARGET = 8.4;
				MTL_ENABLE_DEBUG_INFO = YES;
				ONLY_ACTIVE_ARCH = YES;
				SDKROOT = iphoneos;
				TARGETED_DEVICE_FAMILY = "1,2";
			};
			name = Debug;
		};
		AE2F579F1B9DDEEA0083660A /* Release */ = {
			isa = XCBuildConfiguration;
			buildSettings = {
				ALWAYS_SEARCH_USER_PATHS = NO;
				CLANG_CXX_LANGUAGE_STANDARD = "gnu++0x";
				CLANG_CXX_LIBRARY = "libc++";
				CLANG_ENABLE_MODULES = YES;
				CLANG_ENABLE_OBJC_ARC = YES;
				CLANG_WARN_BOOL_CONVERSION = YES;
				CLANG_WARN_CONSTANT_CONVERSION = YES;
				CLANG_WARN_DIRECT_OBJC_ISA_USAGE = YES_ERROR;
				CLANG_WARN_EMPTY_BODY = YES;
				CLANG_WARN_ENUM_CONVERSION = YES;
				CLANG_WARN_INT_CONVERSION = YES;
				CLANG_WARN_OBJC_ROOT_CLASS = YES_ERROR;
				CLANG_WARN_UNREACHABLE_CODE = YES;
				CLANG_WARN__DUPLICATE_METHOD_MATCH = YES;
				"CODE_SIGN_IDENTITY[sdk=iphoneos*]" = "iPhone Developer";
				COPY_PHASE_STRIP = NO;
				DEBUG_INFORMATION_FORMAT = "dwarf-with-dsym";
				ENABLE_NS_ASSERTIONS = NO;
				ENABLE_STRICT_OBJC_MSGSEND = YES;
				GCC_C_LANGUAGE_STANDARD = gnu99;
				GCC_NO_COMMON_BLOCKS = YES;
				GCC_WARN_64_TO_32_BIT_CONVERSION = YES;
				GCC_WARN_ABOUT_RETURN_TYPE = YES_ERROR;
				GCC_WARN_UNDECLARED_SELECTOR = YES;
				GCC_WARN_UNINITIALIZED_AUTOS = YES_AGGRESSIVE;
				GCC_WARN_UNUSED_FUNCTION = YES;
				GCC_WARN_UNUSED_VARIABLE = YES;
				IPHONEOS_DEPLOYMENT_TARGET = 8.4;
				MTL_ENABLE_DEBUG_INFO = NO;
				SDKROOT = iphoneos;
				TARGETED_DEVICE_FAMILY = "1,2";
				VALIDATE_PRODUCT = YES;
			};
			name = Release;
		};
		AE2F57A11B9DDEEA0083660A /* Debug */ = {
			isa = XCBuildConfiguration;
			buildSettings = {
				ASSETCATALOG_COMPILER_APPICON_NAME = AppIcon;
				INFOPLIST_FILE = RPN_Calculator/Info.plist;
				IPHONEOS_DEPLOYMENT_TARGET = 7.0;
				LD_RUNPATH_SEARCH_PATHS = "$(inherited) @executable_path/Frameworks";
				PRODUCT_NAME = "$(TARGET_NAME)";
			};
			name = Debug;
		};
		AE2F57A21B9DDEEA0083660A /* Release */ = {
			isa = XCBuildConfiguration;
			buildSettings = {
				ASSETCATALOG_COMPILER_APPICON_NAME = AppIcon;
				INFOPLIST_FILE = RPN_Calculator/Info.plist;
				IPHONEOS_DEPLOYMENT_TARGET = 7.0;
				LD_RUNPATH_SEARCH_PATHS = "$(inherited) @executable_path/Frameworks";
				PRODUCT_NAME = "$(TARGET_NAME)";
			};
			name = Release;
		};
		AE2F57A41B9DDEEA0083660A /* Debug */ = {
			isa = XCBuildConfiguration;
			buildSettings = {
				BUNDLE_LOADER = "$(TEST_HOST)";
				FRAMEWORK_SEARCH_PATHS = (
					"$(SDKROOT)/Developer/Library/Frameworks",
					"$(inherited)",
				);
				GCC_PREPROCESSOR_DEFINITIONS = (
					"DEBUG=1",
					"$(inherited)",
				);
				INFOPLIST_FILE = RPN_CalculatorTests/Info.plist;
				LD_RUNPATH_SEARCH_PATHS = "$(inherited) @executable_path/Frameworks @loader_path/Frameworks";
				PRODUCT_NAME = "$(TARGET_NAME)";
				TEST_HOST = "$(BUILT_PRODUCTS_DIR)/RPN_Calculator.app/RPN_Calculator";
			};
			name = Debug;
		};
		AE2F57A51B9DDEEA0083660A /* Release */ = {
			isa = XCBuildConfiguration;
			buildSettings = {
				BUNDLE_LOADER = "$(TEST_HOST)";
				FRAMEWORK_SEARCH_PATHS = (
					"$(SDKROOT)/Developer/Library/Frameworks",
					"$(inherited)",
				);
				INFOPLIST_FILE = RPN_CalculatorTests/Info.plist;
				LD_RUNPATH_SEARCH_PATHS = "$(inherited) @executable_path/Frameworks @loader_path/Frameworks";
				PRODUCT_NAME = "$(TARGET_NAME)";
				TEST_HOST = "$(BUILT_PRODUCTS_DIR)/RPN_Calculator.app/RPN_Calculator";
			};
			name = Release;
		};
/* End XCBuildConfiguration section */

/* Begin XCConfigurationList section */
		AE2F57781B9DDEEA0083660A /* Build configuration list for PBXProject "RPN_Calculator" */ = {
			isa = XCConfigurationList;
			buildConfigurations = (
				AE2F579E1B9DDEEA0083660A /* Debug */,
				AE2F579F1B9DDEEA0083660A /* Release */,
			);
			defaultConfigurationIsVisible = 0;
			defaultConfigurationName = Release;
		};
		AE2F57A01B9DDEEA0083660A /* Build configuration list for PBXNativeTarget "RPN_Calculator" */ = {
			isa = XCConfigurationList;
			buildConfigurations = (
				AE2F57A11B9DDEEA0083660A /* Debug */,
				AE2F57A21B9DDEEA0083660A /* Release */,
			);
			defaultConfigurationIsVisible = 0;
			defaultConfigurationName = Release;
		};
		AE2F57A31B9DDEEA0083660A /* Build configuration list for PBXNativeTarget "RPN_CalculatorTests" */ = {
			isa = XCConfigurationList;
			buildConfigurations = (
				AE2F57A41B9DDEEA0083660A /* Debug */,
				AE2F57A51B9DDEEA0083660A /* Release */,
			);
			defaultConfigurationIsVisible = 0;
			defaultConfigurationName = Release;
		};
/* End XCConfigurationList section */
	};
	rootObject = AE2F57751B9DDEEA0083660A /* Project object */;
}
